// !$*UTF8*$!
{
	archiveVersion = 1;
	classes = {
	};
	objectVersion = 50;
	objects = {

/* Begin PBXBuildFile section */
		73CEC9E425EE0A8F008362CE /* Wiggles_iOSApp.swift in Sources */ = {isa = PBXBuildFile; fileRef = 73CEC9E325EE0A8F008362CE /* Wiggles_iOSApp.swift */; };
		73CEC9E625EE0A8F008362CE /* ContentView.swift in Sources */ = {isa = PBXBuildFile; fileRef = 73CEC9E525EE0A8F008362CE /* ContentView.swift */; };
		73CEC9E825EE0A92008362CE /* Assets.xcassets in Resources */ = {isa = PBXBuildFile; fileRef = 73CEC9E725EE0A92008362CE /* Assets.xcassets */; };
		73CEC9EB25EE0A92008362CE /* Preview Assets.xcassets in Resources */ = {isa = PBXBuildFile; fileRef = 73CEC9EA25EE0A92008362CE /* Preview Assets.xcassets */; };
		73CEC9F525EE0B0A008362CE /* ColorExtension.swift in Sources */ = {isa = PBXBuildFile; fileRef = 73CEC9F425EE0B0A008362CE /* ColorExtension.swift */; };
		73CEC9F825EE13BD008362CE /* Models.swift in Sources */ = {isa = PBXBuildFile; fileRef = 73CEC9F725EE13BD008362CE /* Models.swift */; };
		73CEC9FB25EE1416008362CE /* Configs.swift in Sources */ = {isa = PBXBuildFile; fileRef = 73CEC9FA25EE1416008362CE /* Configs.swift */; };
		73CEC9FE25EE15D0008362CE /* SailecFontModifier.swift in Sources */ = {isa = PBXBuildFile; fileRef = 73CEC9FD25EE15D0008362CE /* SailecFontModifier.swift */; };
		73CECA1525EE1F2A008362CE /* Sailec-Bold.ttf in Resources */ = {isa = PBXBuildFile; fileRef = 73CECA1225EE1A28008362CE /* Sailec-Bold.ttf */; };
		73CECA1725EE1F2C008362CE /* Sailec-Medium.ttf in Resources */ = {isa = PBXBuildFile; fileRef = 73CECA1125EE1A28008362CE /* Sailec-Medium.ttf */; };
		73CECA1825EE1F30008362CE /* Sailec.ttf in Resources */ = {isa = PBXBuildFile; fileRef = 73CECA1325EE1A28008362CE /* Sailec.ttf */; };
		73CECA1C25EE1FE1008362CE /* HomeView.swift in Sources */ = {isa = PBXBuildFile; fileRef = 73CECA1B25EE1FE1008362CE /* HomeView.swift */; };
		73CECA2125EE304E008362CE /* HomeViewModel.swift in Sources */ = {isa = PBXBuildFile; fileRef = 73CECA2025EE304E008362CE /* HomeViewModel.swift */; };
		73CECA2925EE316F008362CE /* DogModel.swift in Sources */ = {isa = PBXBuildFile; fileRef = 73CECA2825EE316F008362CE /* DogModel.swift */; };
		73CECA2C25EE31B8008362CE /* OwnerModel.swift in Sources */ = {isa = PBXBuildFile; fileRef = 73CECA2B25EE31B8008362CE /* OwnerModel.swift */; };
		73CECA3025EE3A76008362CE /* DogData.swift in Sources */ = {isa = PBXBuildFile; fileRef = 73CECA2F25EE3A76008362CE /* DogData.swift */; };
		73CECA3525EE416C008362CE /* DetailsView.swift in Sources */ = {isa = PBXBuildFile; fileRef = 73CECA3425EE416C008362CE /* DetailsView.swift */; };
		73E4B4D925EE75B10020C282 /* DetailsViewModel.swift in Sources */ = {isa = PBXBuildFile; fileRef = 73E4B4D825EE75B10020C282 /* DetailsViewModel.swift */; };
/* End PBXBuildFile section */

/* Begin PBXFileReference section */
		73CEC9E025EE0A8F008362CE /* Wiggles-iOS.app */ = {isa = PBXFileReference; explicitFileType = wrapper.application; includeInIndex = 0; path = "Wiggles-iOS.app"; sourceTree = BUILT_PRODUCTS_DIR; };
		73CEC9E325EE0A8F008362CE /* Wiggles_iOSApp.swift */ = {isa = PBXFileReference; lastKnownFileType = sourcecode.swift; path = Wiggles_iOSApp.swift; sourceTree = "<group>"; };
		73CEC9E525EE0A8F008362CE /* ContentView.swift */ = {isa = PBXFileReference; lastKnownFileType = sourcecode.swift; path = ContentView.swift; sourceTree = "<group>"; };
		73CEC9E725EE0A92008362CE /* Assets.xcassets */ = {isa = PBXFileReference; lastKnownFileType = folder.assetcatalog; path = Assets.xcassets; sourceTree = "<group>"; };
		73CEC9EA25EE0A92008362CE /* Preview Assets.xcassets */ = {isa = PBXFileReference; lastKnownFileType = folder.assetcatalog; path = "Preview Assets.xcassets"; sourceTree = "<group>"; };
		73CEC9EC25EE0A92008362CE /* Info.plist */ = {isa = PBXFileReference; lastKnownFileType = text.plist.xml; path = Info.plist; sourceTree = "<group>"; };
		73CEC9F425EE0B0A008362CE /* ColorExtension.swift */ = {isa = PBXFileReference; lastKnownFileType = sourcecode.swift; path = ColorExtension.swift; sourceTree = "<group>"; };
		73CEC9F725EE13BD008362CE /* Models.swift */ = {isa = PBXFileReference; lastKnownFileType = sourcecode.swift; path = Models.swift; sourceTree = "<group>"; };
		73CEC9FA25EE1416008362CE /* Configs.swift */ = {isa = PBXFileReference; lastKnownFileType = sourcecode.swift; path = Configs.swift; sourceTree = "<group>"; };
		73CEC9FD25EE15D0008362CE /* SailecFontModifier.swift */ = {isa = PBXFileReference; lastKnownFileType = sourcecode.swift; path = SailecFontModifier.swift; sourceTree = "<group>"; };
		73CECA1125EE1A28008362CE /* Sailec-Medium.ttf */ = {isa = PBXFileReference; lastKnownFileType = file; path = "Sailec-Medium.ttf"; sourceTree = "<group>"; };
		73CECA1225EE1A28008362CE /* Sailec-Bold.ttf */ = {isa = PBXFileReference; lastKnownFileType = file; path = "Sailec-Bold.ttf"; sourceTree = "<group>"; };
		73CECA1325EE1A28008362CE /* Sailec.ttf */ = {isa = PBXFileReference; lastKnownFileType = file; path = Sailec.ttf; sourceTree = "<group>"; };
		73CECA1B25EE1FE1008362CE /* HomeView.swift */ = {isa = PBXFileReference; lastKnownFileType = sourcecode.swift; path = HomeView.swift; sourceTree = "<group>"; };
		73CECA2025EE304E008362CE /* HomeViewModel.swift */ = {isa = PBXFileReference; lastKnownFileType = sourcecode.swift; path = HomeViewModel.swift; sourceTree = "<group>"; };
		73CECA2825EE316F008362CE /* DogModel.swift */ = {isa = PBXFileReference; lastKnownFileType = sourcecode.swift; path = DogModel.swift; sourceTree = "<group>"; };
		73CECA2B25EE31B8008362CE /* OwnerModel.swift */ = {isa = PBXFileReference; lastKnownFileType = sourcecode.swift; path = OwnerModel.swift; sourceTree = "<group>"; };
		73CECA2F25EE3A76008362CE /* DogData.swift */ = {isa = PBXFileReference; lastKnownFileType = sourcecode.swift; path = DogData.swift; sourceTree = "<group>"; };
		73CECA3425EE416C008362CE /* DetailsView.swift */ = {isa = PBXFileReference; lastKnownFileType = sourcecode.swift; path = DetailsView.swift; sourceTree = "<group>"; };
		73E4B4D825EE75B10020C282 /* DetailsViewModel.swift */ = {isa = PBXFileReference; lastKnownFileType = sourcecode.swift; path = DetailsViewModel.swift; sourceTree = "<group>"; };
/* End PBXFileReference section */

/* Begin PBXFrameworksBuildPhase section */
		73CEC9DD25EE0A8F008362CE /* Frameworks */ = {
			isa = PBXFrameworksBuildPhase;
			buildActionMask = 2147483647;
			files = (
			);
			runOnlyForDeploymentPostprocessing = 0;
		};
/* End PBXFrameworksBuildPhase section */

/* Begin PBXGroup section */
		73CEC9D725EE0A8F008362CE = {
			isa = PBXGroup;
			children = (
				73CEC9E225EE0A8F008362CE /* Wiggles-iOS */,
				73CEC9E125EE0A8F008362CE /* Products */,
			);
			sourceTree = "<group>";
		};
		73CEC9E125EE0A8F008362CE /* Products */ = {
			isa = PBXGroup;
			children = (
				73CEC9E025EE0A8F008362CE /* Wiggles-iOS.app */,
			);
			name = Products;
			sourceTree = "<group>";
		};
		73CEC9E225EE0A8F008362CE /* Wiggles-iOS */ = {
			isa = PBXGroup;
			children = (
				73CECA3325EE4158008362CE /* Details */,
				73CECA2E25EE3A5D008362CE /* Data */,
				73CECA2725EE3154008362CE /* Model */,
				73CECA1A25EE1FD0008362CE /* Home */,
				73CECA0025EE15D8008362CE /* sailec */,
				73CEC9F325EE0AD2008362CE /* Helpers */,
				73CEC9E325EE0A8F008362CE /* Wiggles_iOSApp.swift */,
				73CEC9E525EE0A8F008362CE /* ContentView.swift */,
				73CEC9E725EE0A92008362CE /* Assets.xcassets */,
				73CEC9EC25EE0A92008362CE /* Info.plist */,
				73CEC9E925EE0A92008362CE /* Preview Content */,
				73CEC9FA25EE1416008362CE /* Configs.swift */,
			);
			path = "Wiggles-iOS";
			sourceTree = "<group>";
		};
		73CEC9E925EE0A92008362CE /* Preview Content */ = {
			isa = PBXGroup;
			children = (
				73CEC9EA25EE0A92008362CE /* Preview Assets.xcassets */,
			);
			path = "Preview Content";
			sourceTree = "<group>";
		};
		73CEC9F325EE0AD2008362CE /* Helpers */ = {
			isa = PBXGroup;
			children = (
				73CEC9F425EE0B0A008362CE /* ColorExtension.swift */,
				73CEC9F725EE13BD008362CE /* Models.swift */,
				73CEC9FD25EE15D0008362CE /* SailecFontModifier.swift */,
			);
			path = Helpers;
			sourceTree = "<group>";
		};
		73CECA0025EE15D8008362CE /* sailec */ = {
			isa = PBXGroup;
			children = (
				73CECA1225EE1A28008362CE /* Sailec-Bold.ttf */,
				73CECA1125EE1A28008362CE /* Sailec-Medium.ttf */,
				73CECA1325EE1A28008362CE /* Sailec.ttf */,
			);
			path = sailec;
			sourceTree = "<group>";
		};
		73CECA1A25EE1FD0008362CE /* Home */ = {
			isa = PBXGroup;
			children = (
				73CECA1B25EE1FE1008362CE /* HomeView.swift */,
				73CECA2025EE304E008362CE /* HomeViewModel.swift */,
			);
			path = Home;
			sourceTree = "<group>";
		};
		73CECA2725EE3154008362CE /* Model */ = {
			isa = PBXGroup;
			children = (
				73CECA2825EE316F008362CE /* DogModel.swift */,
				73CECA2B25EE31B8008362CE /* OwnerModel.swift */,
			);
			path = Model;
			sourceTree = "<group>";
		};
		73CECA2E25EE3A5D008362CE /* Data */ = {
			isa = PBXGroup;
			children = (
				73CECA2F25EE3A76008362CE /* DogData.swift */,
			);
			path = Data;
			sourceTree = "<group>";
		};
		73CECA3325EE4158008362CE /* Details */ = {
			isa = PBXGroup;
			children = (
				73CECA3425EE416C008362CE /* DetailsView.swift */,
				73E4B4D825EE75B10020C282 /* DetailsViewModel.swift */,
			);
			path = Details;
			sourceTree = "<group>";
		};
/* End PBXGroup section */

/* Begin PBXNativeTarget section */
		73CEC9DF25EE0A8F008362CE /* Wiggles-iOS */ = {
			isa = PBXNativeTarget;
			buildConfigurationList = 73CEC9EF25EE0A92008362CE /* Build configuration list for PBXNativeTarget "Wiggles-iOS" */;
			buildPhases = (
				73CEC9DC25EE0A8F008362CE /* Sources */,
				73CEC9DD25EE0A8F008362CE /* Frameworks */,
				73CEC9DE25EE0A8F008362CE /* Resources */,
			);
			buildRules = (
			);
			dependencies = (
			);
			name = "Wiggles-iOS";
			productName = "Wiggles-iOS";
			productReference = 73CEC9E025EE0A8F008362CE /* Wiggles-iOS.app */;
			productType = "com.apple.product-type.application";
		};
/* End PBXNativeTarget section */

/* Begin PBXProject section */
		73CEC9D825EE0A8F008362CE /* Project object */ = {
			isa = PBXProject;
			attributes = {
				LastSwiftUpdateCheck = 1240;
				LastUpgradeCheck = 1240;
				TargetAttributes = {
					73CEC9DF25EE0A8F008362CE = {
						CreatedOnToolsVersion = 12.4;
					};
				};
			};
			buildConfigurationList = 73CEC9DB25EE0A8F008362CE /* Build configuration list for PBXProject "Wiggles-iOS" */;
			compatibilityVersion = "Xcode 9.3";
			developmentRegion = en;
			hasScannedForEncodings = 0;
			knownRegions = (
				en,
				Base,
			);
			mainGroup = 73CEC9D725EE0A8F008362CE;
			productRefGroup = 73CEC9E125EE0A8F008362CE /* Products */;
			projectDirPath = "";
			projectRoot = "";
			targets = (
				73CEC9DF25EE0A8F008362CE /* Wiggles-iOS */,
			);
		};
/* End PBXProject section */

/* Begin PBXResourcesBuildPhase section */
		73CEC9DE25EE0A8F008362CE /* Resources */ = {
			isa = PBXResourcesBuildPhase;
			buildActionMask = 2147483647;
			files = (
				73CECA1725EE1F2C008362CE /* Sailec-Medium.ttf in Resources */,
				73CECA1525EE1F2A008362CE /* Sailec-Bold.ttf in Resources */,
				73CEC9EB25EE0A92008362CE /* Preview Assets.xcassets in Resources */,
				73CECA1825EE1F30008362CE /* Sailec.ttf in Resources */,
				73CEC9E825EE0A92008362CE /* Assets.xcassets in Resources */,
			);
			runOnlyForDeploymentPostprocessing = 0;
		};
/* End PBXResourcesBuildPhase section */

/* Begin PBXSourcesBuildPhase section */
		73CEC9DC25EE0A8F008362CE /* Sources */ = {
			isa = PBXSourcesBuildPhase;
			buildActionMask = 2147483647;
			files = (
				73CEC9FE25EE15D0008362CE /* SailecFontModifier.swift in Sources */,
				73CECA2C25EE31B8008362CE /* OwnerModel.swift in Sources */,
				73CECA1C25EE1FE1008362CE /* HomeView.swift in Sources */,
				73CEC9FB25EE1416008362CE /* Configs.swift in Sources */,
				73E4B4D925EE75B10020C282 /* DetailsViewModel.swift in Sources */,
				73CECA2125EE304E008362CE /* HomeViewModel.swift in Sources */,
				73CECA3525EE416C008362CE /* DetailsView.swift in Sources */,
				73CEC9F525EE0B0A008362CE /* ColorExtension.swift in Sources */,
				73CEC9E625EE0A8F008362CE /* ContentView.swift in Sources */,
				73CEC9E425EE0A8F008362CE /* Wiggles_iOSApp.swift in Sources */,
				73CECA2925EE316F008362CE /* DogModel.swift in Sources */,
				73CEC9F825EE13BD008362CE /* Models.swift in Sources */,
				73CECA3025EE3A76008362CE /* DogData.swift in Sources */,
			);
			runOnlyForDeploymentPostprocessing = 0;
		};
/* End PBXSourcesBuildPhase section */

/* Begin XCBuildConfiguration section */
		73CEC9ED25EE0A92008362CE /* Debug */ = {
			isa = XCBuildConfiguration;
			buildSettings = {
				ALWAYS_SEARCH_USER_PATHS = NO;
				CLANG_ANALYZER_NONNULL = YES;
				CLANG_ANALYZER_NUMBER_OBJECT_CONVERSION = YES_AGGRESSIVE;
				CLANG_CXX_LANGUAGE_STANDARD = "gnu++14";
				CLANG_CXX_LIBRARY = "libc++";
				CLANG_ENABLE_MODULES = YES;
				CLANG_ENABLE_OBJC_ARC = YES;
				CLANG_ENABLE_OBJC_WEAK = YES;
				CLANG_WARN_BLOCK_CAPTURE_AUTORELEASING = YES;
				CLANG_WARN_BOOL_CONVERSION = YES;
				CLANG_WARN_COMMA = YES;
				CLANG_WARN_CONSTANT_CONVERSION = YES;
				CLANG_WARN_DEPRECATED_OBJC_IMPLEMENTATIONS = YES;
				CLANG_WARN_DIRECT_OBJC_ISA_USAGE = YES_ERROR;
				CLANG_WARN_DOCUMENTATION_COMMENTS = YES;
				CLANG_WARN_EMPTY_BODY = YES;
				CLANG_WARN_ENUM_CONVERSION = YES;
				CLANG_WARN_INFINITE_RECURSION = YES;
				CLANG_WARN_INT_CONVERSION = YES;
				CLANG_WARN_NON_LITERAL_NULL_CONVERSION = YES;
				CLANG_WARN_OBJC_IMPLICIT_RETAIN_SELF = YES;
				CLANG_WARN_OBJC_LITERAL_CONVERSION = YES;
				CLANG_WARN_OBJC_ROOT_CLASS = YES_ERROR;
				CLANG_WARN_QUOTED_INCLUDE_IN_FRAMEWORK_HEADER = YES;
				CLANG_WARN_RANGE_LOOP_ANALYSIS = YES;
				CLANG_WARN_STRICT_PROTOTYPES = YES;
				CLANG_WARN_SUSPICIOUS_MOVE = YES;
				CLANG_WARN_UNGUARDED_AVAILABILITY = YES_AGGRESSIVE;
				CLANG_WARN_UNREACHABLE_CODE = YES;
				CLANG_WARN__DUPLICATE_METHOD_MATCH = YES;
				COPY_PHASE_STRIP = NO;
				DEBUG_INFORMATION_FORMAT = dwarf;
				ENABLE_STRICT_OBJC_MSGSEND = YES;
				ENABLE_TESTABILITY = YES;
				GCC_C_LANGUAGE_STANDARD = gnu11;
				GCC_DYNAMIC_NO_PIC = NO;
				GCC_NO_COMMON_BLOCKS = YES;
				GCC_OPTIMIZATION_LEVEL = 0;
				GCC_PREPROCESSOR_DEFINITIONS = (
					"DEBUG=1",
					"$(inherited)",
				);
				GCC_WARN_64_TO_32_BIT_CONVERSION = YES;
				GCC_WARN_ABOUT_RETURN_TYPE = YES_ERROR;
				GCC_WARN_UNDECLARED_SELECTOR = YES;
				GCC_WARN_UNINITIALIZED_AUTOS = YES_AGGRESSIVE;
				GCC_WARN_UNUSED_FUNCTION = YES;
				GCC_WARN_UNUSED_VARIABLE = YES;
				IPHONEOS_DEPLOYMENT_TARGET = 14.4;
				MTL_ENABLE_DEBUG_INFO = INCLUDE_SOURCE;
				MTL_FAST_MATH = YES;
				ONLY_ACTIVE_ARCH = YES;
				SDKROOT = iphoneos;
				SWIFT_ACTIVE_COMPILATION_CONDITIONS = DEBUG;
				SWIFT_OPTIMIZATION_LEVEL = "-Onone";
			};
			name = Debug;
		};
		73CEC9EE25EE0A92008362CE /* Release */ = {
			isa = XCBuildConfiguration;
			buildSettings = {
				ALWAYS_SEARCH_USER_PATHS = NO;
				CLANG_ANALYZER_NONNULL = YES;
				CLANG_ANALYZER_NUMBER_OBJECT_CONVERSION = YES_AGGRESSIVE;
				CLANG_CXX_LANGUAGE_STANDARD = "gnu++14";
				CLANG_CXX_LIBRARY = "libc++";
				CLANG_ENABLE_MODULES = YES;
				CLANG_ENABLE_OBJC_ARC = YES;
				CLANG_ENABLE_OBJC_WEAK = YES;
				CLANG_WARN_BLOCK_CAPTURE_AUTORELEASING = YES;
				CLANG_WARN_BOOL_CONVERSION = YES;
				CLANG_WARN_COMMA = YES;
				CLANG_WARN_CONSTANT_CONVERSION = YES;
				CLANG_WARN_DEPRECATED_OBJC_IMPLEMENTATIONS = YES;
				CLANG_WARN_DIRECT_OBJC_ISA_USAGE = YES_ERROR;
				CLANG_WARN_DOCUMENTATION_COMMENTS = YES;
				CLANG_WARN_EMPTY_BODY = YES;
				CLANG_WARN_ENUM_CONVERSION = YES;
				CLANG_WARN_INFINITE_RECURSION = YES;
				CLANG_WARN_INT_CONVERSION = YES;
				CLANG_WARN_NON_LITERAL_NULL_CONVERSION = YES;
				CLANG_WARN_OBJC_IMPLICIT_RETAIN_SELF = YES;
				CLANG_WARN_OBJC_LITERAL_CONVERSION = YES;
				CLANG_WARN_OBJC_ROOT_CLASS = YES_ERROR;
				CLANG_WARN_QUOTED_INCLUDE_IN_FRAMEWORK_HEADER = YES;
				CLANG_WARN_RANGE_LOOP_ANALYSIS = YES;
				CLANG_WARN_STRICT_PROTOTYPES = YES;
				CLANG_WARN_SUSPICIOUS_MOVE = YES;
				CLANG_WARN_UNGUARDED_AVAILABILITY = YES_AGGRESSIVE;
				CLANG_WARN_UNREACHABLE_CODE = YES;
				CLANG_WARN__DUPLICATE_METHOD_MATCH = YES;
				COPY_PHASE_STRIP = NO;
				DEBUG_INFORMATION_FORMAT = "dwarf-with-dsym";
				ENABLE_NS_ASSERTIONS = NO;
				ENABLE_STRICT_OBJC_MSGSEND = YES;
				GCC_C_LANGUAGE_STANDARD = gnu11;
				GCC_NO_COMMON_BLOCKS = YES;
				GCC_WARN_64_TO_32_BIT_CONVERSION = YES;
				GCC_WARN_ABOUT_RETURN_TYPE = YES_ERROR;
				GCC_WARN_UNDECLARED_SELECTOR = YES;
				GCC_WARN_UNINITIALIZED_AUTOS = YES_AGGRESSIVE;
				GCC_WARN_UNUSED_FUNCTION = YES;
				GCC_WARN_UNUSED_VARIABLE = YES;
				IPHONEOS_DEPLOYMENT_TARGET = 14.4;
				MTL_ENABLE_DEBUG_INFO = NO;
				MTL_FAST_MATH = YES;
				SDKROOT = iphoneos;
				SWIFT_COMPILATION_MODE = wholemodule;
				SWIFT_OPTIMIZATION_LEVEL = "-O";
				VALIDATE_PRODUCT = YES;
			};
			name = Release;
		};
		73CEC9F025EE0A92008362CE /* Debug */ = {
			isa = XCBuildConfiguration;
			buildSettings = {
				ASSETCATALOG_COMPILER_APPICON_NAME = AppIcon;
				ASSETCATALOG_COMPILER_GLOBAL_ACCENT_COLOR_NAME = AccentColor;
				CODE_SIGN_STYLE = Automatic;
				DEVELOPMENT_ASSET_PATHS = "\"Wiggles-iOS/Preview Content\"";
				DEVELOPMENT_TEAM = GY8LXNR38D;
				ENABLE_PREVIEWS = YES;
				INFOPLIST_FILE = "Wiggles-iOS/Info.plist";
				IPHONEOS_DEPLOYMENT_TARGET = 14.0;
				LD_RUNPATH_SEARCH_PATHS = (
					"$(inherited)",
					"@executable_path/Frameworks",
				);
				PRODUCT_BUNDLE_IDENTIFIER = "com.femargent.Wiggles-iOS";
				PRODUCT_NAME = "$(TARGET_NAME)";
				SWIFT_VERSION = 5.0;
				TARGETED_DEVICE_FAMILY = "1,2";
			};
			name = Debug;
		};
		73CEC9F125EE0A92008362CE /* Release */ = {
			isa = XCBuildConfiguration;
			buildSettings = {
				ASSETCATALOG_COMPILER_APPICON_NAME = AppIcon;
				ASSETCATALOG_COMPILER_GLOBAL_ACCENT_COLOR_NAME = AccentColor;
				CODE_SIGN_STYLE = Automatic;
				DEVELOPMENT_ASSET_PATHS = "\"Wiggles-iOS/Preview Content\"";
				DEVELOPMENT_TEAM = GY8LXNR38D;
				ENABLE_PREVIEWS = YES;
				INFOPLIST_FILE = "Wiggles-iOS/Info.plist";
				IPHONEOS_DEPLOYMENT_TARGET = 14.0;
				LD_RUNPATH_SEARCH_PATHS = (
					"$(inherited)",
					"@executable_path/Frameworks",
				);
				PRODUCT_BUNDLE_IDENTIFIER = "com.femargent.Wiggles-iOS";
				PRODUCT_NAME = "$(TARGET_NAME)";
				SWIFT_VERSION = 5.0;
				TARGETED_DEVICE_FAMILY = "1,2";
			};
			name = Release;
		};
/* End XCBuildConfiguration section */

/* Begin XCConfigurationList section */
		73CEC9DB25EE0A8F008362CE /* Build configuration list for PBXProject "Wiggles-iOS" */ = {
			isa = XCConfigurationList;
			buildConfigurations = (
				73CEC9ED25EE0A92008362CE /* Debug */,
				73CEC9EE25EE0A92008362CE /* Release */,
			);
			defaultConfigurationIsVisible = 0;
			defaultConfigurationName = Release;
		};
		73CEC9EF25EE0A92008362CE /* Build configuration list for PBXNativeTarget "Wiggles-iOS" */ = {
			isa = XCConfigurationList;
			buildConfigurations = (
				73CEC9F025EE0A92008362CE /* Debug */,
				73CEC9F125EE0A92008362CE /* Release */,
			);
			defaultConfigurationIsVisible = 0;
			defaultConfigurationName = Release;
		};
/* End XCConfigurationList section */
	};
	rootObject = 73CEC9D825EE0A8F008362CE /* Project object */;
}
